
Microsoft Visual Studio Solution File, Format Version 12.00
# Visual Studio Version 17
VisualStudioVersion = 17.11.35219.272
MinimumVisualStudioVersion = 10.0.40219.1
Project("{8BC9CEB8-8B4A-11D0-8D11-00A0C91BC942}") = "DLIP_Assignment_OpenCV_Basics", "DLIP_Assignment_OpenCV_Basics.vcxproj", "{21C40B8D-D0C4-470C-85D8-E85C3DEABA10}"
EndProject
Global
	GlobalSection(SolutionConfigurationPlatforms) = preSolution
		Debug|x64 = Debug|x64
		Debug|x86 = Debug|x86
		Release|x64 = Release|x64
		Release|x86 = Release|x86
	EndGlobalSection
	GlobalSection(ProjectConfigurationPlatforms) = postSolution
		{21C40B8D-D0C4-470C-85D8-E85C3DEABA10}.Debug|x64.ActiveCfg = Debug|x64
		{21C40B8D-D0C4-470C-85D8-E85C3DEABA10}.Debug|x64.Build.0 = Debug|x64
		{21C40B8D-D0C4-470C-85D8-E85C3DEABA10}.Debug|x86.ActiveCfg = Debug|Win32
		{21C40B8D-D0C4-470C-85D8-E85C3DEABA10}.Debug|x86.Build.0 = Debug|Win32
		{21C40B8D-D0C4-470C-85D8-E85C3DEABA10}.Release|x64.ActiveCfg = Release|x64
		{21C40B8D-D0C4-470C-85D8-E85C3DEABA10}.Release|x64.Build.0 = Release|x64
		{21C40B8D-D0C4-470C-85D8-E85C3DEABA10}.Release|x86.ActiveCfg = Release|Win32
		{21C40B8D-D0C4-470C-85D8-E85C3DEABA10}.Release|x86.Build.0 = Release|Win32
	EndGlobalSection
	GlobalSection(SolutionProperties) = preSolution
		HideSolutionNode = FALSE
	EndGlobalSection
	GlobalSection(ExtensibilityGlobals) = postSolution
		SolutionGuid = {189F5C79-2D22-4716-BC0F-22E269534522}
	EndGlobalSection
EndGlobal
